
Microsoft Visual Studio Solution File, Format Version 12.00
Project("{FAE04EC0-301F-11D3-BF4B-00C04F79EFBC}") = "ResumeApp.Web", "ResumeApp.Web\ResumeApp.Web.csproj", "{4C901F0B-594A-4BB0-BB45-86E1094EB113}"
EndProject
Project("{FAE04EC0-301F-11D3-BF4B-00C04F79EFBC}") = "ResumeApp.DAL", "ResumeApp.DAL\ResumeApp.DAL.csproj", "{97305D78-1484-493D-90FF-03FE8733F9A7}"
EndProject
Project("{FAE04EC0-301F-11D3-BF4B-00C04F79EFBC}") = "ResumeApp.Business", "ResumeApp.Business\ResumeApp.Business.csproj", "{B757EFC3-98D6-491E-AF46-6E559457F599}"
EndProject
Global
	GlobalSection(SolutionConfigurationPlatforms) = preSolution
		Debug|Any CPU = Debug|Any CPU
		Release|Any CPU = Release|Any CPU
	EndGlobalSection
	GlobalSection(ProjectConfigurationPlatforms) = postSolution
		{4C901F0B-594A-4BB0-BB45-86E1094EB113}.Debug|Any CPU.ActiveCfg = Debug|Any CPU
		{4C901F0B-594A-4BB0-BB45-86E1094EB113}.Debug|Any CPU.Build.0 = Debug|Any CPU
		{4C901F0B-594A-4BB0-BB45-86E1094EB113}.Release|Any CPU.ActiveCfg = Release|Any CPU
		{4C901F0B-594A-4BB0-BB45-86E1094EB113}.Release|Any CPU.Build.0 = Release|Any CPU
		{97305D78-1484-493D-90FF-03FE8733F9A7}.Debug|Any CPU.ActiveCfg = Debug|Any CPU
		{97305D78-1484-493D-90FF-03FE8733F9A7}.Debug|Any CPU.Build.0 = Debug|Any CPU
		{97305D78-1484-493D-90FF-03FE8733F9A7}.Release|Any CPU.ActiveCfg = Release|Any CPU
		{97305D78-1484-493D-90FF-03FE8733F9A7}.Release|Any CPU.Build.0 = Release|Any CPU
		{B757EFC3-98D6-491E-AF46-6E559457F599}.Debug|Any CPU.ActiveCfg = Debug|Any CPU
		{B757EFC3-98D6-491E-AF46-6E559457F599}.Debug|Any CPU.Build.0 = Debug|Any CPU
		{B757EFC3-98D6-491E-AF46-6E559457F599}.Release|Any CPU.ActiveCfg = Release|Any CPU
		{B757EFC3-98D6-491E-AF46-6E559457F599}.Release|Any CPU.Build.0 = Release|Any CPU
	EndGlobalSection
EndGlobal
